
Microsoft Visual Studio Solution File, Format Version 12.00
# Visual Studio Version 17
VisualStudioVersion = 17.10.35004.147
MinimumVisualStudioVersion = 10.0.40219.1
Project("{FAE04EC0-301F-11D3-BF4B-00C04F79EFBC}") = "CSharp9.2", "CSharp9.2.csproj", "{D1B6F549-8093-4F13-8322-74ED63E2DA15}"
EndProject
Global
	GlobalSection(SolutionConfigurationPlatforms) = preSolution
		Debug|Any CPU = Debug|Any CPU
		Release|Any CPU = Release|Any CPU
	EndGlobalSection
	GlobalSection(ProjectConfigurationPlatforms) = postSolution
		{D1B6F549-8093-4F13-8322-74ED63E2DA15}.Debug|Any CPU.ActiveCfg = Debug|Any CPU
		{D1B6F549-8093-4F13-8322-74ED63E2DA15}.Debug|Any CPU.Build.0 = Debug|Any CPU
		{D1B6F549-8093-4F13-8322-74ED63E2DA15}.Release|Any CPU.ActiveCfg = Release|Any CPU
		{D1B6F549-8093-4F13-8322-74ED63E2DA15}.Release|Any CPU.Build.0 = Release|Any CPU
	EndGlobalSection
	GlobalSection(SolutionProperties) = preSolution
		HideSolutionNode = FALSE
	EndGlobalSection
	GlobalSection(ExtensibilityGlobals) = postSolution
		SolutionGuid = {EED33116-D3E3-4599-9552-7A4210311929}
	EndGlobalSection
EndGlobal
